
Microsoft Visual Studio Solution File, Format Version 12.00
Project("{FAE04EC0-301F-11D3-BF4B-00C04F79EFBC}") = "Calculator", "Calculator\Calculator.csproj", "{55F2FA90-2524-4BD8-B9B0-4378F1C006EE}"
EndProject
Project("{FAE04EC0-301F-11D3-BF4B-00C04F79EFBC}") = "CalculatorLogicTests", "CalculatorLogicTests\CalculatorLogicTests.csproj", "{2163B43E-670C-4BCC-AE95-4D88E3CFD689}"
EndProject
Global
	GlobalSection(SolutionConfigurationPlatforms) = preSolution
		Debug|Any CPU = Debug|Any CPU
		Release|Any CPU = Release|Any CPU
	EndGlobalSection
	GlobalSection(ProjectConfigurationPlatforms) = postSolution
		{55F2FA90-2524-4BD8-B9B0-4378F1C006EE}.Debug|Any CPU.ActiveCfg = Debug|Any CPU
		{55F2FA90-2524-4BD8-B9B0-4378F1C006EE}.Debug|Any CPU.Build.0 = Debug|Any CPU
		{55F2FA90-2524-4BD8-B9B0-4378F1C006EE}.Release|Any CPU.ActiveCfg = Release|Any CPU
		{55F2FA90-2524-4BD8-B9B0-4378F1C006EE}.Release|Any CPU.Build.0 = Release|Any CPU
		{2163B43E-670C-4BCC-AE95-4D88E3CFD689}.Debug|Any CPU.ActiveCfg = Debug|Any CPU
		{2163B43E-670C-4BCC-AE95-4D88E3CFD689}.Debug|Any CPU.Build.0 = Debug|Any CPU
		{2163B43E-670C-4BCC-AE95-4D88E3CFD689}.Release|Any CPU.ActiveCfg = Release|Any CPU
		{2163B43E-670C-4BCC-AE95-4D88E3CFD689}.Release|Any CPU.Build.0 = Release|Any CPU
	EndGlobalSection
EndGlobal
